// !$*UTF8*$!
{
	archiveVersion = 1;
	classes = {
	};
	objectVersion = 52;
	objects = {

/* Begin PBXBuildFile section */
		46FA568123FD3AE300E896E0 /* AppDelegate.swift in Sources */ = {isa = PBXBuildFile; fileRef = 46FA568023FD3AE300E896E0 /* AppDelegate.swift */; };
		46FA568323FD3AE300E896E0 /* SceneDelegate.swift in Sources */ = {isa = PBXBuildFile; fileRef = 46FA568223FD3AE300E896E0 /* SceneDelegate.swift */; };
		46FA568523FD3AE300E896E0 /* ViewController.swift in Sources */ = {isa = PBXBuildFile; fileRef = 46FA568423FD3AE300E896E0 /* ViewController.swift */; };
		46FA568823FD3AE300E896E0 /* Main.storyboard in Resources */ = {isa = PBXBuildFile; fileRef = 46FA568623FD3AE300E896E0 /* Main.storyboard */; };
		46FA568A23FD3AEA00E896E0 /* Assets.xcassets in Resources */ = {isa = PBXBuildFile; fileRef = 46FA568923FD3AEA00E896E0 /* Assets.xcassets */; };
		46FA568D23FD3AEA00E896E0 /* LaunchScreen.storyboard in Resources */ = {isa = PBXBuildFile; fileRef = 46FA568B23FD3AEA00E896E0 /* LaunchScreen.storyboard */; };
		46FA569623FD3CD200E896E0 /* Amadeus in Frameworks */ = {isa = PBXBuildFile; productRef = 46FA569523FD3CD200E896E0 /* Amadeus */; };
/* End PBXBuildFile section */

/* Begin PBXFileReference section */
		46FA567D23FD3AE300E896E0 /* Hotel Search App.app */ = {isa = PBXFileReference; explicitFileType = wrapper.application; includeInIndex = 0; path = "Hotel Search App.app"; sourceTree = BUILT_PRODUCTS_DIR; };
		46FA568023FD3AE300E896E0 /* AppDelegate.swift */ = {isa = PBXFileReference; lastKnownFileType = sourcecode.swift; path = AppDelegate.swift; sourceTree = "<group>"; };
		46FA568223FD3AE300E896E0 /* SceneDelegate.swift */ = {isa = PBXFileReference; lastKnownFileType = sourcecode.swift; path = SceneDelegate.swift; sourceTree = "<group>"; };
		46FA568423FD3AE300E896E0 /* ViewController.swift */ = {isa = PBXFileReference; lastKnownFileType = sourcecode.swift; path = ViewController.swift; sourceTree = "<group>"; };
		46FA568723FD3AE300E896E0 /* Base */ = {isa = PBXFileReference; lastKnownFileType = file.storyboard; name = Base; path = Base.lproj/Main.storyboard; sourceTree = "<group>"; };
		46FA568923FD3AEA00E896E0 /* Assets.xcassets */ = {isa = PBXFileReference; lastKnownFileType = folder.assetcatalog; path = Assets.xcassets; sourceTree = "<group>"; };
		46FA568C23FD3AEA00E896E0 /* Base */ = {isa = PBXFileReference; lastKnownFileType = file.storyboard; name = Base; path = Base.lproj/LaunchScreen.storyboard; sourceTree = "<group>"; };
		46FA568E23FD3AEA00E896E0 /* Info.plist */ = {isa = PBXFileReference; lastKnownFileType = text.plist.xml; path = Info.plist; sourceTree = "<group>"; };
/* End PBXFileReference section */

/* Begin PBXFrameworksBuildPhase section */
		46FA567A23FD3AE300E896E0 /* Frameworks */ = {
			isa = PBXFrameworksBuildPhase;
			buildActionMask = 2147483647;
			files = (
				46FA569623FD3CD200E896E0 /* Amadeus in Frameworks */,
			);
			runOnlyForDeploymentPostprocessing = 0;
		};
/* End PBXFrameworksBuildPhase section */

/* Begin PBXGroup section */
		46FA567423FD3AE300E896E0 = {
			isa = PBXGroup;
			children = (
				46FA567F23FD3AE300E896E0 /* Hotel Search App */,
				46FA567E23FD3AE300E896E0 /* Products */,
			);
			sourceTree = "<group>";
		};
		46FA567E23FD3AE300E896E0 /* Products */ = {
			isa = PBXGroup;
			children = (
				46FA567D23FD3AE300E896E0 /* Hotel Search App.app */,
			);
			name = Products;
			sourceTree = "<group>";
		};
		46FA567F23FD3AE300E896E0 /* Hotel Search App */ = {
			isa = PBXGroup;
			children = (
				46FA568023FD3AE300E896E0 /* AppDelegate.swift */,
				46FA568223FD3AE300E896E0 /* SceneDelegate.swift */,
				46FA568423FD3AE300E896E0 /* ViewController.swift */,
				46FA568623FD3AE300E896E0 /* Main.storyboard */,
				46FA568923FD3AEA00E896E0 /* Assets.xcassets */,
				46FA568B23FD3AEA00E896E0 /* LaunchScreen.storyboard */,
				46FA568E23FD3AEA00E896E0 /* Info.plist */,
			);
			path = "Hotel Search App";
			sourceTree = "<group>";
		};
/* End PBXGroup section */

/* Begin PBXNativeTarget section */
		46FA567C23FD3AE300E896E0 /* Hotel Search App */ = {
			isa = PBXNativeTarget;
			buildConfigurationList = 46FA569123FD3AEA00E896E0 /* Build configuration list for PBXNativeTarget "Hotel Search App" */;
			buildPhases = (
				46FA567923FD3AE300E896E0 /* Sources */,
				46FA567A23FD3AE300E896E0 /* Frameworks */,
				46FA567B23FD3AE300E896E0 /* Resources */,
			);
			buildRules = (
			);
			dependencies = (
			);
			name = "Hotel Search App";
			packageProductDependencies = (
				46FA569523FD3CD200E896E0 /* Amadeus */,
			);
			productName = "Hotel Search App";
			productReference = 46FA567D23FD3AE300E896E0 /* Hotel Search App.app */;
			productType = "com.apple.product-type.application";
		};
/* End PBXNativeTarget section */

/* Begin PBXProject section */
		46FA567523FD3AE300E896E0 /* Project object */ = {
			isa = PBXProject;
			attributes = {
				LastSwiftUpdateCheck = 1130;
				LastUpgradeCheck = 1130;
				ORGANIZATIONNAME = "Example Company";
				TargetAttributes = {
					46FA567C23FD3AE300E896E0 = {
						CreatedOnToolsVersion = 11.3.1;
					};
				};
			};
			buildConfigurationList = 46FA567823FD3AE300E896E0 /* Build configuration list for PBXProject "Hotel Search App" */;
			compatibilityVersion = "Xcode 9.3";
			developmentRegion = en;
			hasScannedForEncodings = 0;
			knownRegions = (
				en,
				Base,
			);
			mainGroup = 46FA567423FD3AE300E896E0;
			packageReferences = (
				46FA569423FD3CD200E896E0 /* XCRemoteSwiftPackageReference "amadeus-swift" */,
			);
			productRefGroup = 46FA567E23FD3AE300E896E0 /* Products */;
			projectDirPath = "";
			projectRoot = "";
			targets = (
				46FA567C23FD3AE300E896E0 /* Hotel Search App */,
			);
		};
/* End PBXProject section */

/* Begin PBXResourcesBuildPhase section */
		46FA567B23FD3AE300E896E0 /* Resources */ = {
			isa = PBXResourcesBuildPhase;
			buildActionMask = 2147483647;
			files = (
				46FA568D23FD3AEA00E896E0 /* LaunchScreen.storyboard in Resources */,
				46FA568A23FD3AEA00E896E0 /* Assets.xcassets in Resources */,
				46FA568823FD3AE300E896E0 /* Main.storyboard in Resources */,
			);
			runOnlyForDeploymentPostprocessing = 0;
		};
/* End PBXResourcesBuildPhase section */

/* Begin PBXSourcesBuildPhase section */
		46FA567923FD3AE300E896E0 /* Sources */ = {
			isa = PBXSourcesBuildPhase;
			buildActionMask = 2147483647;
			files = (
				46FA568523FD3AE300E896E0 /* ViewController.swift in Sources */,
				46FA568123FD3AE300E896E0 /* AppDelegate.swift in Sources */,
				46FA568323FD3AE300E896E0 /* SceneDelegate.swift in Sources */,
			);
			runOnlyForDeploymentPostprocessing = 0;
		};
/* End PBXSourcesBuildPhase section */

/* Begin PBXVariantGroup section */
		46FA568623FD3AE300E896E0 /* Main.storyboard */ = {
			isa = PBXVariantGroup;
			children = (
				46FA568723FD3AE300E896E0 /* Base */,
			);
			name = Main.storyboard;
			sourceTree = "<group>";
		};
		46FA568B23FD3AEA00E896E0 /* LaunchScreen.storyboard */ = {
			isa = PBXVariantGroup;
			children = (
				46FA568C23FD3AEA00E896E0 /* Base */,
			);
			name = LaunchScreen.storyboard;
			sourceTree = "<group>";
		};
/* End PBXVariantGroup section */

/* Begin XCBuildConfiguration section */
		46FA568F23FD3AEA00E896E0 /* Debug */ = {
			isa = XCBuildConfiguration;
			buildSettings = {
				ALWAYS_SEARCH_USER_PATHS = NO;
				CLANG_ANALYZER_NONNULL = YES;
				CLANG_ANALYZER_NUMBER_OBJECT_CONVERSION = YES_AGGRESSIVE;
				CLANG_CXX_LANGUAGE_STANDARD = "gnu++14";
				CLANG_CXX_LIBRARY = "libc++";
				CLANG_ENABLE_MODULES = YES;
				CLANG_ENABLE_OBJC_ARC = YES;
				CLANG_ENABLE_OBJC_WEAK = YES;
				CLANG_WARN_BLOCK_CAPTURE_AUTORELEASING = YES;
				CLANG_WARN_BOOL_CONVERSION = YES;
				CLANG_WARN_COMMA = YES;
				CLANG_WARN_CONSTANT_CONVERSION = YES;
				CLANG_WARN_DEPRECATED_OBJC_IMPLEMENTATIONS = YES;
				CLANG_WARN_DIRECT_OBJC_ISA_USAGE = YES_ERROR;
				CLANG_WARN_DOCUMENTATION_COMMENTS = YES;
				CLANG_WARN_EMPTY_BODY = YES;
				CLANG_WARN_ENUM_CONVERSION = YES;
				CLANG_WARN_INFINITE_RECURSION = YES;
				CLANG_WARN_INT_CONVERSION = YES;
				CLANG_WARN_NON_LITERAL_NULL_CONVERSION = YES;
				CLANG_WARN_OBJC_IMPLICIT_RETAIN_SELF = YES;
				CLANG_WARN_OBJC_LITERAL_CONVERSION = YES;
				CLANG_WARN_OBJC_ROOT_CLASS = YES_ERROR;
				CLANG_WARN_RANGE_LOOP_ANALYSIS = YES;
				CLANG_WARN_STRICT_PROTOTYPES = YES;
				CLANG_WARN_SUSPICIOUS_MOVE = YES;
				CLANG_WARN_UNGUARDED_AVAILABILITY = YES_AGGRESSIVE;
				CLANG_WARN_UNREACHABLE_CODE = YES;
				CLANG_WARN__DUPLICATE_METHOD_MATCH = YES;
				COPY_PHASE_STRIP = NO;
				DEBUG_INFORMATION_FORMAT = dwarf;
				ENABLE_STRICT_OBJC_MSGSEND = YES;
				ENABLE_TESTABILITY = YES;
				GCC_C_LANGUAGE_STANDARD = gnu11;
				GCC_DYNAMIC_NO_PIC = NO;
				GCC_NO_COMMON_BLOCKS = YES;
				GCC_OPTIMIZATION_LEVEL = 0;
				GCC_PREPROCESSOR_DEFINITIONS = (
					"DEBUG=1",
					"$(inherited)",
				);
				GCC_WARN_64_TO_32_BIT_CONVERSION = YES;
				GCC_WARN_ABOUT_RETURN_TYPE = YES_ERROR;
				GCC_WARN_UNDECLARED_SELECTOR = YES;
				GCC_WARN_UNINITIALIZED_AUTOS = YES_AGGRESSIVE;
				GCC_WARN_UNUSED_FUNCTION = YES;
				GCC_WARN_UNUSED_VARIABLE = YES;
				IPHONEOS_DEPLOYMENT_TARGET = 13.2;
				MTL_ENABLE_DEBUG_INFO = INCLUDE_SOURCE;
				MTL_FAST_MATH = YES;
				ONLY_ACTIVE_ARCH = YES;
				SDKROOT = iphoneos;
				SWIFT_ACTIVE_COMPILATION_CONDITIONS = DEBUG;
				SWIFT_OPTIMIZATION_LEVEL = "-Onone";
			};
			name = Debug;
		};
		46FA569023FD3AEA00E896E0 /* Release */ = {
			isa = XCBuildConfiguration;
			buildSettings = {
				ALWAYS_SEARCH_USER_PATHS = NO;
				CLANG_ANALYZER_NONNULL = YES;
				CLANG_ANALYZER_NUMBER_OBJECT_CONVERSION = YES_AGGRESSIVE;
				CLANG_CXX_LANGUAGE_STANDARD = "gnu++14";
				CLANG_CXX_LIBRARY = "libc++";
				CLANG_ENABLE_MODULES = YES;
				CLANG_ENABLE_OBJC_ARC = YES;
				CLANG_ENABLE_OBJC_WEAK = YES;
				CLANG_WARN_BLOCK_CAPTURE_AUTORELEASING = YES;
				CLANG_WARN_BOOL_CONVERSION = YES;
				CLANG_WARN_COMMA = YES;
				CLANG_WARN_CONSTANT_CONVERSION = YES;
				CLANG_WARN_DEPRECATED_OBJC_IMPLEMENTATIONS = YES;
				CLANG_WARN_DIRECT_OBJC_ISA_USAGE = YES_ERROR;
				CLANG_WARN_DOCUMENTATION_COMMENTS = YES;
				CLANG_WARN_EMPTY_BODY = YES;
				CLANG_WARN_ENUM_CONVERSION = YES;
				CLANG_WARN_INFINITE_RECURSION = YES;
				CLANG_WARN_INT_CONVERSION = YES;
				CLANG_WARN_NON_LITERAL_NULL_CONVERSION = YES;
				CLANG_WARN_OBJC_IMPLICIT_RETAIN_SELF = YES;
				CLANG_WARN_OBJC_LITERAL_CONVERSION = YES;
				CLANG_WARN_OBJC_ROOT_CLASS = YES_ERROR;
				CLANG_WARN_RANGE_LOOP_ANALYSIS = YES;
				CLANG_WARN_STRICT_PROTOTYPES = YES;
				CLANG_WARN_SUSPICIOUS_MOVE = YES;
				CLANG_WARN_UNGUARDED_AVAILABILITY = YES_AGGRESSIVE;
				CLANG_WARN_UNREACHABLE_CODE = YES;
				CLANG_WARN__DUPLICATE_METHOD_MATCH = YES;
				COPY_PHASE_STRIP = NO;
				DEBUG_INFORMATION_FORMAT = "dwarf-with-dsym";
				ENABLE_NS_ASSERTIONS = NO;
				ENABLE_STRICT_OBJC_MSGSEND = YES;
				GCC_C_LANGUAGE_STANDARD = gnu11;
				GCC_NO_COMMON_BLOCKS = YES;
				GCC_WARN_64_TO_32_BIT_CONVERSION = YES;
				GCC_WARN_ABOUT_RETURN_TYPE = YES_ERROR;
				GCC_WARN_UNDECLARED_SELECTOR = YES;
				GCC_WARN_UNINITIALIZED_AUTOS = YES_AGGRESSIVE;
				GCC_WARN_UNUSED_FUNCTION = YES;
				GCC_WARN_UNUSED_VARIABLE = YES;
				IPHONEOS_DEPLOYMENT_TARGET = 13.2;
				MTL_ENABLE_DEBUG_INFO = NO;
				MTL_FAST_MATH = YES;
				SDKROOT = iphoneos;
				SWIFT_COMPILATION_MODE = wholemodule;
				SWIFT_OPTIMIZATION_LEVEL = "-O";
				VALIDATE_PRODUCT = YES;
			};
			name = Release;
		};
		46FA569223FD3AEA00E896E0 /* Debug */ = {
			isa = XCBuildConfiguration;
			buildSettings = {
				ASSETCATALOG_COMPILER_APPICON_NAME = AppIcon;
				CODE_SIGN_STYLE = Automatic;
				INFOPLIST_FILE = "Hotel Search App/Info.plist";
				LD_RUNPATH_SEARCH_PATHS = (
					"$(inherited)",
					"@executable_path/Frameworks",
				);
				PRODUCT_BUNDLE_IDENTIFIER = "Example.Amadeus-SDK-Hotel-Search";
				PRODUCT_NAME = "$(TARGET_NAME)";
				SWIFT_VERSION = 5.0;
				TARGETED_DEVICE_FAMILY = "1,2";
			};
			name = Debug;
		};
		46FA569323FD3AEA00E896E0 /* Release */ = {
			isa = XCBuildConfiguration;
			buildSettings = {
				ASSETCATALOG_COMPILER_APPICON_NAME = AppIcon;
				CODE_SIGN_STYLE = Automatic;
				INFOPLIST_FILE = "Hotel Search App/Info.plist";
				LD_RUNPATH_SEARCH_PATHS = (
					"$(inherited)",
					"@executable_path/Frameworks",
				);
				PRODUCT_BUNDLE_IDENTIFIER = "Example.Amadeus-SDK-Hotel-Search";
				PRODUCT_NAME = "$(TARGET_NAME)";
				SWIFT_VERSION = 5.0;
				TARGETED_DEVICE_FAMILY = "1,2";
			};
			name = Release;
		};
/* End XCBuildConfiguration section */

/* Begin XCConfigurationList section */
		46FA567823FD3AE300E896E0 /* Build configuration list for PBXProject "Hotel Search App" */ = {
			isa = XCConfigurationList;
			buildConfigurations = (
				46FA568F23FD3AEA00E896E0 /* Debug */,
				46FA569023FD3AEA00E896E0 /* Release */,
			);
			defaultConfigurationIsVisible = 0;
			defaultConfigurationName = Release;
		};
		46FA569123FD3AEA00E896E0 /* Build configuration list for PBXNativeTarget "Hotel Search App" */ = {
			isa = XCConfigurationList;
			buildConfigurations = (
				46FA569223FD3AEA00E896E0 /* Debug */,
				46FA569323FD3AEA00E896E0 /* Release */,
			);
			defaultConfigurationIsVisible = 0;
			defaultConfigurationName = Release;
		};
/* End XCConfigurationList section */

/* Begin XCRemoteSwiftPackageReference section */
		46FA569423FD3CD200E896E0 /* XCRemoteSwiftPackageReference "amadeus-swift" */ = {
			isa = XCRemoteSwiftPackageReference;
			repositoryURL = "https://github.com/amadeus4dev/amadeus-swift.git";
			requirement = {
				branch = master;
				kind = branch;
			};
		};
/* End XCRemoteSwiftPackageReference section */

/* Begin XCSwiftPackageProductDependency section */
		46FA569523FD3CD200E896E0 /* Amadeus */ = {
			isa = XCSwiftPackageProductDependency;
			package = 46FA569423FD3CD200E896E0 /* XCRemoteSwiftPackageReference "amadeus-swift" */;
			productName = Amadeus;
		};
/* End XCSwiftPackageProductDependency section */
	};
	rootObject = 46FA567523FD3AE300E896E0 /* Project object */;
}
